// !$*UTF8*$!
{
	archiveVersion = 1;
	classes = {
	};
	objectVersion = 55;
	objects = {

/* Begin PBXBuildFile section */
		48398783288060ED00E5B2C5 /* Kingfisher in Frameworks */ = {isa = PBXBuildFile; productRef = 48398782288060ED00E5B2C5 /* Kingfisher */; };
		48932A29286EB9E900E4E40C /* InfCollectionViewCell.swift in Sources */ = {isa = PBXBuildFile; fileRef = 48932A27286EB9E900E4E40C /* InfCollectionViewCell.swift */; };
		48932A2A286EB9E900E4E40C /* InfCollectionViewCell.xib in Resources */ = {isa = PBXBuildFile; fileRef = 48932A28286EB9E900E4E40C /* InfCollectionViewCell.xib */; };
		48932A2F28747B7700E4E40C /* InfView.swift in Sources */ = {isa = PBXBuildFile; fileRef = 48932A2E28747B7600E4E40C /* InfView.swift */; };
		48932A312874874B00E4E40C /* StageView.swift in Sources */ = {isa = PBXBuildFile; fileRef = 48932A302874874B00E4E40C /* StageView.swift */; };
		48932A342874909E00E4E40C /* LaunchViewController.swift in Sources */ = {isa = PBXBuildFile; fileRef = 48932A332874909E00E4E40C /* LaunchViewController.swift */; };
		48932A44287DB35100E4E40C /* SettingView.swift in Sources */ = {isa = PBXBuildFile; fileRef = 48932A43287DB35100E4E40C /* SettingView.swift */; };
		48932A48287DBA9D00E4E40C /* SegmentControlView.swift in Sources */ = {isa = PBXBuildFile; fileRef = 48932A47287DBA9D00E4E40C /* SegmentControlView.swift */; };
		48932A4A287E95F200E4E40C /* Constant.swift in Sources */ = {isa = PBXBuildFile; fileRef = 48932A49287E95F200E4E40C /* Constant.swift */; };
		48932A4D287E983100E4E40C /* SettingsValue.swift in Sources */ = {isa = PBXBuildFile; fileRef = 48932A4C287E983100E4E40C /* SettingsValue.swift */; };
		48932A50287ED17600E4E40C /* LaunchesTableViewCell.swift in Sources */ = {isa = PBXBuildFile; fileRef = 48932A4E287ED17600E4E40C /* LaunchesTableViewCell.swift */; };
		48932A51287ED17600E4E40C /* LaunchesTableViewCell.xib in Resources */ = {isa = PBXBuildFile; fileRef = 48932A4F287ED17600E4E40C /* LaunchesTableViewCell.xib */; };
		48932A5328800CC800E4E40C /* NetworkingService.swift in Sources */ = {isa = PBXBuildFile; fileRef = 48932A5228800CC800E4E40C /* NetworkingService.swift */; };
		48932A562880100700E4E40C /* Alamofire in Frameworks */ = {isa = PBXBuildFile; productRef = 48932A552880100700E4E40C /* Alamofire */; };
		48932A582880154B00E4E40C /* SpaceRocketsJSON.swift in Sources */ = {isa = PBXBuildFile; fileRef = 48932A572880154B00E4E40C /* SpaceRocketsJSON.swift */; };
		48932A5A28802FC700E4E40C /* SpaceRocketsModel.swift in Sources */ = {isa = PBXBuildFile; fileRef = 48932A5928802FC700E4E40C /* SpaceRocketsModel.swift */; };
		48A3228C286C1BF4006E5C2D /* AppDelegate.swift in Sources */ = {isa = PBXBuildFile; fileRef = 48A3228B286C1BF4006E5C2D /* AppDelegate.swift */; };
		48A3228E286C1BF4006E5C2D /* SceneDelegate.swift in Sources */ = {isa = PBXBuildFile; fileRef = 48A3228D286C1BF4006E5C2D /* SceneDelegate.swift */; };
		48A32290286C1BF4006E5C2D /* ViewController.swift in Sources */ = {isa = PBXBuildFile; fileRef = 48A3228F286C1BF4006E5C2D /* ViewController.swift */; };
		48A32293286C1BF4006E5C2D /* Main.storyboard in Resources */ = {isa = PBXBuildFile; fileRef = 48A32291286C1BF4006E5C2D /* Main.storyboard */; };
		48A32295286C1BF6006E5C2D /* Assets.xcassets in Resources */ = {isa = PBXBuildFile; fileRef = 48A32294286C1BF6006E5C2D /* Assets.xcassets */; };
		48A32298286C1BF6006E5C2D /* LaunchScreen.storyboard in Resources */ = {isa = PBXBuildFile; fileRef = 48A32296286C1BF6006E5C2D /* LaunchScreen.storyboard */; };
		48A322A0286DA912006E5C2D /* SettingsViewController.swift in Sources */ = {isa = PBXBuildFile; fileRef = 48A3229F286DA912006E5C2D /* SettingsViewController.swift */; };
/* End PBXBuildFile section */

/* Begin PBXFileReference section */
		48932A27286EB9E900E4E40C /* InfCollectionViewCell.swift */ = {isa = PBXFileReference; lastKnownFileType = sourcecode.swift; path = InfCollectionViewCell.swift; sourceTree = "<group>"; };
		48932A28286EB9E900E4E40C /* InfCollectionViewCell.xib */ = {isa = PBXFileReference; lastKnownFileType = file.xib; path = InfCollectionViewCell.xib; sourceTree = "<group>"; };
		48932A2E28747B7600E4E40C /* InfView.swift */ = {isa = PBXFileReference; lastKnownFileType = sourcecode.swift; path = InfView.swift; sourceTree = "<group>"; };
		48932A302874874B00E4E40C /* StageView.swift */ = {isa = PBXFileReference; lastKnownFileType = sourcecode.swift; path = StageView.swift; sourceTree = "<group>"; };
		48932A332874909E00E4E40C /* LaunchViewController.swift */ = {isa = PBXFileReference; lastKnownFileType = sourcecode.swift; path = LaunchViewController.swift; sourceTree = "<group>"; };
		48932A43287DB35100E4E40C /* SettingView.swift */ = {isa = PBXFileReference; lastKnownFileType = sourcecode.swift; path = SettingView.swift; sourceTree = "<group>"; };
		48932A47287DBA9D00E4E40C /* SegmentControlView.swift */ = {isa = PBXFileReference; lastKnownFileType = sourcecode.swift; path = SegmentControlView.swift; sourceTree = "<group>"; };
		48932A49287E95F200E4E40C /* Constant.swift */ = {isa = PBXFileReference; lastKnownFileType = sourcecode.swift; path = Constant.swift; sourceTree = "<group>"; };
		48932A4C287E983100E4E40C /* SettingsValue.swift */ = {isa = PBXFileReference; lastKnownFileType = sourcecode.swift; path = SettingsValue.swift; sourceTree = "<group>"; };
		48932A4E287ED17600E4E40C /* LaunchesTableViewCell.swift */ = {isa = PBXFileReference; lastKnownFileType = sourcecode.swift; path = LaunchesTableViewCell.swift; sourceTree = "<group>"; };
		48932A4F287ED17600E4E40C /* LaunchesTableViewCell.xib */ = {isa = PBXFileReference; lastKnownFileType = file.xib; path = LaunchesTableViewCell.xib; sourceTree = "<group>"; };
		48932A5228800CC800E4E40C /* NetworkingService.swift */ = {isa = PBXFileReference; lastKnownFileType = sourcecode.swift; path = NetworkingService.swift; sourceTree = "<group>"; };
		48932A572880154B00E4E40C /* SpaceRocketsJSON.swift */ = {isa = PBXFileReference; lastKnownFileType = sourcecode.swift; path = SpaceRocketsJSON.swift; sourceTree = "<group>"; };
		48932A5928802FC700E4E40C /* SpaceRocketsModel.swift */ = {isa = PBXFileReference; lastKnownFileType = sourcecode.swift; path = SpaceRocketsModel.swift; sourceTree = "<group>"; };
		48A32288286C1BF4006E5C2D /* SpaceX.app */ = {isa = PBXFileReference; explicitFileType = wrapper.application; includeInIndex = 0; path = SpaceX.app; sourceTree = BUILT_PRODUCTS_DIR; };
		48A3228B286C1BF4006E5C2D /* AppDelegate.swift */ = {isa = PBXFileReference; lastKnownFileType = sourcecode.swift; path = AppDelegate.swift; sourceTree = "<group>"; };
		48A3228D286C1BF4006E5C2D /* SceneDelegate.swift */ = {isa = PBXFileReference; lastKnownFileType = sourcecode.swift; path = SceneDelegate.swift; sourceTree = "<group>"; };
		48A3228F286C1BF4006E5C2D /* ViewController.swift */ = {isa = PBXFileReference; lastKnownFileType = sourcecode.swift; path = ViewController.swift; sourceTree = "<group>"; };
		48A32292286C1BF4006E5C2D /* Base */ = {isa = PBXFileReference; lastKnownFileType = file.storyboard; name = Base; path = Base.lproj/Main.storyboard; sourceTree = "<group>"; };
		48A32294286C1BF6006E5C2D /* Assets.xcassets */ = {isa = PBXFileReference; lastKnownFileType = folder.assetcatalog; path = Assets.xcassets; sourceTree = "<group>"; };
		48A32297286C1BF6006E5C2D /* Base */ = {isa = PBXFileReference; lastKnownFileType = file.storyboard; name = Base; path = Base.lproj/LaunchScreen.storyboard; sourceTree = "<group>"; };
		48A32299286C1BF6006E5C2D /* Info.plist */ = {isa = PBXFileReference; lastKnownFileType = text.plist.xml; path = Info.plist; sourceTree = "<group>"; };
		48A3229F286DA912006E5C2D /* SettingsViewController.swift */ = {isa = PBXFileReference; lastKnownFileType = sourcecode.swift; path = SettingsViewController.swift; sourceTree = "<group>"; };
/* End PBXFileReference section */

/* Begin PBXFrameworksBuildPhase section */
		48A32285286C1BF4006E5C2D /* Frameworks */ = {
			isa = PBXFrameworksBuildPhase;
			buildActionMask = 2147483647;
			files = (
				48398783288060ED00E5B2C5 /* Kingfisher in Frameworks */,
				48932A562880100700E4E40C /* Alamofire in Frameworks */,
			);
			runOnlyForDeploymentPostprocessing = 0;
		};
/* End PBXFrameworksBuildPhase section */

/* Begin PBXGroup section */
		48932A2B287476BF00E4E40C /* CustomView */ = {
			isa = PBXGroup;
			children = (
				48932A2E28747B7600E4E40C /* InfView.swift */,
				48932A302874874B00E4E40C /* StageView.swift */,
				48932A43287DB35100E4E40C /* SettingView.swift */,
				48932A47287DBA9D00E4E40C /* SegmentControlView.swift */,
			);
			path = CustomView;
			sourceTree = "<group>";
		};
		48932A322874905B00E4E40C /* Controllers */ = {
			isa = PBXGroup;
			children = (
				48A3228F286C1BF4006E5C2D /* ViewController.swift */,
				48A3229F286DA912006E5C2D /* SettingsViewController.swift */,
				48932A332874909E00E4E40C /* LaunchViewController.swift */,
			);
			path = Controllers;
			sourceTree = "<group>";
		};
		48932A352874940800E4E40C /* Service */ = {
			isa = PBXGroup;
			children = (
				48932A5228800CC800E4E40C /* NetworkingService.swift */,
			);
			path = Service;
			sourceTree = "<group>";
		};
		48932A37287494B600E4E40C /* Metod */ = {
			isa = PBXGroup;
			children = (
			);
			path = Metod;
			sourceTree = "<group>";
		};
		48932A3D287754BE00E4E40C /* CollectionViewCell */ = {
			isa = PBXGroup;
			children = (
				48932A27286EB9E900E4E40C /* InfCollectionViewCell.swift */,
				48932A28286EB9E900E4E40C /* InfCollectionViewCell.xib */,
			);
			path = CollectionViewCell;
			sourceTree = "<group>";
		};
		48932A3E287754E100E4E40C /* TableViewCell */ = {
			isa = PBXGroup;
			children = (
				48932A4E287ED17600E4E40C /* LaunchesTableViewCell.swift */,
				48932A4F287ED17600E4E40C /* LaunchesTableViewCell.xib */,
			);
			path = TableViewCell;
			sourceTree = "<group>";
		};
		48932A4B287E980100E4E40C /* Model */ = {
			isa = PBXGroup;
			children = (
				48932A49287E95F200E4E40C /* Constant.swift */,
				48932A4C287E983100E4E40C /* SettingsValue.swift */,
				48932A572880154B00E4E40C /* SpaceRocketsJSON.swift */,
				48932A5928802FC700E4E40C /* SpaceRocketsModel.swift */,
			);
			path = Model;
			sourceTree = "<group>";
		};
		48A3227F286C1BF4006E5C2D = {
			isa = PBXGroup;
			children = (
				48A3228A286C1BF4006E5C2D /* SpaceX */,
				48A32289286C1BF4006E5C2D /* Products */,
			);
			sourceTree = "<group>";
		};
		48A32289286C1BF4006E5C2D /* Products */ = {
			isa = PBXGroup;
			children = (
				48A32288286C1BF4006E5C2D /* SpaceX.app */,
			);
			name = Products;
			sourceTree = "<group>";
		};
		48A3228A286C1BF4006E5C2D /* SpaceX */ = {
			isa = PBXGroup;
			children = (
				48932A4B287E980100E4E40C /* Model */,
				48932A37287494B600E4E40C /* Metod */,
				48932A352874940800E4E40C /* Service */,
				48932A2B287476BF00E4E40C /* CustomView */,
				48F8277A286DDB060031CF5B /* Cell */,
				48932A322874905B00E4E40C /* Controllers */,
				48A3228B286C1BF4006E5C2D /* AppDelegate.swift */,
				48A3228D286C1BF4006E5C2D /* SceneDelegate.swift */,
				48A32291286C1BF4006E5C2D /* Main.storyboard */,
				48A32294286C1BF6006E5C2D /* Assets.xcassets */,
				48A32296286C1BF6006E5C2D /* LaunchScreen.storyboard */,
				48A32299286C1BF6006E5C2D /* Info.plist */,
			);
			path = SpaceX;
			sourceTree = "<group>";
		};
		48F8277A286DDB060031CF5B /* Cell */ = {
			isa = PBXGroup;
			children = (
				48932A3E287754E100E4E40C /* TableViewCell */,
				48932A3D287754BE00E4E40C /* CollectionViewCell */,
			);
			path = Cell;
			sourceTree = "<group>";
		};
/* End PBXGroup section */

/* Begin PBXNativeTarget section */
		48A32287286C1BF4006E5C2D /* SpaceX */ = {
			isa = PBXNativeTarget;
			buildConfigurationList = 48A3229C286C1BF6006E5C2D /* Build configuration list for PBXNativeTarget "SpaceX" */;
			buildPhases = (
				48A32284286C1BF4006E5C2D /* Sources */,
				48A32285286C1BF4006E5C2D /* Frameworks */,
				48A32286286C1BF4006E5C2D /* Resources */,
			);
			buildRules = (
			);
			dependencies = (
			);
			name = SpaceX;
			packageProductDependencies = (
				48932A552880100700E4E40C /* Alamofire */,
				48398782288060ED00E5B2C5 /* Kingfisher */,
			);
			productName = SpaceX;
			productReference = 48A32288286C1BF4006E5C2D /* SpaceX.app */;
			productType = "com.apple.product-type.application";
		};
/* End PBXNativeTarget section */

/* Begin PBXProject section */
		48A32280286C1BF4006E5C2D /* Project object */ = {
			isa = PBXProject;
			attributes = {
				BuildIndependentTargetsInParallel = 1;
				LastSwiftUpdateCheck = 1340;
				LastUpgradeCheck = 1340;
				TargetAttributes = {
					48A32287286C1BF4006E5C2D = {
						CreatedOnToolsVersion = 13.4.1;
					};
				};
			};
			buildConfigurationList = 48A32283286C1BF4006E5C2D /* Build configuration list for PBXProject "SpaceX" */;
			compatibilityVersion = "Xcode 13.0";
			developmentRegion = en;
			hasScannedForEncodings = 0;
			knownRegions = (
				en,
				Base,
			);
			mainGroup = 48A3227F286C1BF4006E5C2D;
			packageReferences = (
				48932A542880100600E4E40C /* XCRemoteSwiftPackageReference "Alamofire" */,
				48398781288060ED00E5B2C5 /* XCRemoteSwiftPackageReference "Kingfisher" */,
			);
			productRefGroup = 48A32289286C1BF4006E5C2D /* Products */;
			projectDirPath = "";
			projectRoot = "";
			targets = (
				48A32287286C1BF4006E5C2D /* SpaceX */,
			);
		};
/* End PBXProject section */

/* Begin PBXResourcesBuildPhase section */
		48A32286286C1BF4006E5C2D /* Resources */ = {
			isa = PBXResourcesBuildPhase;
			buildActionMask = 2147483647;
			files = (
				48A32298286C1BF6006E5C2D /* LaunchScreen.storyboard in Resources */,
				48932A2A286EB9E900E4E40C /* InfCollectionViewCell.xib in Resources */,
				48A32295286C1BF6006E5C2D /* Assets.xcassets in Resources */,
				48932A51287ED17600E4E40C /* LaunchesTableViewCell.xib in Resources */,
				48A32293286C1BF4006E5C2D /* Main.storyboard in Resources */,
			);
			runOnlyForDeploymentPostprocessing = 0;
		};
/* End PBXResourcesBuildPhase section */

/* Begin PBXSourcesBuildPhase section */
		48A32284286C1BF4006E5C2D /* Sources */ = {
			isa = PBXSourcesBuildPhase;
			buildActionMask = 2147483647;
			files = (
				48932A29286EB9E900E4E40C /* InfCollectionViewCell.swift in Sources */,
				48A32290286C1BF4006E5C2D /* ViewController.swift in Sources */,
				48932A50287ED17600E4E40C /* LaunchesTableViewCell.swift in Sources */,
				48932A2F28747B7700E4E40C /* InfView.swift in Sources */,
				48A3228C286C1BF4006E5C2D /* AppDelegate.swift in Sources */,
				48932A5328800CC800E4E40C /* NetworkingService.swift in Sources */,
				48A3228E286C1BF4006E5C2D /* SceneDelegate.swift in Sources */,
				48A322A0286DA912006E5C2D /* SettingsViewController.swift in Sources */,
				48932A4D287E983100E4E40C /* SettingsValue.swift in Sources */,
				48932A312874874B00E4E40C /* StageView.swift in Sources */,
				48932A5A28802FC700E4E40C /* SpaceRocketsModel.swift in Sources */,
				48932A582880154B00E4E40C /* SpaceRocketsJSON.swift in Sources */,
				48932A342874909E00E4E40C /* LaunchViewController.swift in Sources */,
				48932A44287DB35100E4E40C /* SettingView.swift in Sources */,
				48932A48287DBA9D00E4E40C /* SegmentControlView.swift in Sources */,
				48932A4A287E95F200E4E40C /* Constant.swift in Sources */,
			);
			runOnlyForDeploymentPostprocessing = 0;
		};
/* End PBXSourcesBuildPhase section */

/* Begin PBXVariantGroup section */
		48A32291286C1BF4006E5C2D /* Main.storyboard */ = {
			isa = PBXVariantGroup;
			children = (
				48A32292286C1BF4006E5C2D /* Base */,
			);
			name = Main.storyboard;
			sourceTree = "<group>";
		};
		48A32296286C1BF6006E5C2D /* LaunchScreen.storyboard */ = {
			isa = PBXVariantGroup;
			children = (
				48A32297286C1BF6006E5C2D /* Base */,
			);
			name = LaunchScreen.storyboard;
			sourceTree = "<group>";
		};
/* End PBXVariantGroup section */

/* Begin XCBuildConfiguration section */
		48A3229A286C1BF6006E5C2D /* Debug */ = {
			isa = XCBuildConfiguration;
			buildSettings = {
				ALWAYS_SEARCH_USER_PATHS = NO;
				CLANG_ANALYZER_NONNULL = YES;
				CLANG_ANALYZER_NUMBER_OBJECT_CONVERSION = YES_AGGRESSIVE;
				CLANG_CXX_LANGUAGE_STANDARD = "gnu++17";
				CLANG_ENABLE_MODULES = YES;
				CLANG_ENABLE_OBJC_ARC = YES;
				CLANG_ENABLE_OBJC_WEAK = YES;
				CLANG_WARN_BLOCK_CAPTURE_AUTORELEASING = YES;
				CLANG_WARN_BOOL_CONVERSION = YES;
				CLANG_WARN_COMMA = YES;
				CLANG_WARN_CONSTANT_CONVERSION = YES;
				CLANG_WARN_DEPRECATED_OBJC_IMPLEMENTATIONS = YES;
				CLANG_WARN_DIRECT_OBJC_ISA_USAGE = YES_ERROR;
				CLANG_WARN_DOCUMENTATION_COMMENTS = YES;
				CLANG_WARN_EMPTY_BODY = YES;
				CLANG_WARN_ENUM_CONVERSION = YES;
				CLANG_WARN_INFINITE_RECURSION = YES;
				CLANG_WARN_INT_CONVERSION = YES;
				CLANG_WARN_NON_LITERAL_NULL_CONVERSION = YES;
				CLANG_WARN_OBJC_IMPLICIT_RETAIN_SELF = YES;
				CLANG_WARN_OBJC_LITERAL_CONVERSION = YES;
				CLANG_WARN_OBJC_ROOT_CLASS = YES_ERROR;
				CLANG_WARN_QUOTED_INCLUDE_IN_FRAMEWORK_HEADER = YES;
				CLANG_WARN_RANGE_LOOP_ANALYSIS = YES;
				CLANG_WARN_STRICT_PROTOTYPES = YES;
				CLANG_WARN_SUSPICIOUS_MOVE = YES;
				CLANG_WARN_UNGUARDED_AVAILABILITY = YES_AGGRESSIVE;
				CLANG_WARN_UNREACHABLE_CODE = YES;
				CLANG_WARN__DUPLICATE_METHOD_MATCH = YES;
				COPY_PHASE_STRIP = NO;
				DEBUG_INFORMATION_FORMAT = dwarf;
				ENABLE_STRICT_OBJC_MSGSEND = YES;
				ENABLE_TESTABILITY = YES;
				GCC_C_LANGUAGE_STANDARD = gnu11;
				GCC_DYNAMIC_NO_PIC = NO;
				GCC_NO_COMMON_BLOCKS = YES;
				GCC_OPTIMIZATION_LEVEL = 0;
				GCC_PREPROCESSOR_DEFINITIONS = (
					"DEBUG=1",
					"$(inherited)",
				);
				GCC_WARN_64_TO_32_BIT_CONVERSION = YES;
				GCC_WARN_ABOUT_RETURN_TYPE = YES_ERROR;
				GCC_WARN_UNDECLARED_SELECTOR = YES;
				GCC_WARN_UNINITIALIZED_AUTOS = YES_AGGRESSIVE;
				GCC_WARN_UNUSED_FUNCTION = YES;
				GCC_WARN_UNUSED_VARIABLE = YES;
				IPHONEOS_DEPLOYMENT_TARGET = 15.5;
				MTL_ENABLE_DEBUG_INFO = INCLUDE_SOURCE;
				MTL_FAST_MATH = YES;
				ONLY_ACTIVE_ARCH = YES;
				SDKROOT = iphoneos;
				SWIFT_ACTIVE_COMPILATION_CONDITIONS = DEBUG;
				SWIFT_OPTIMIZATION_LEVEL = "-Onone";
			};
			name = Debug;
		};
		48A3229B286C1BF6006E5C2D /* Release */ = {
			isa = XCBuildConfiguration;
			buildSettings = {
				ALWAYS_SEARCH_USER_PATHS = NO;
				CLANG_ANALYZER_NONNULL = YES;
				CLANG_ANALYZER_NUMBER_OBJECT_CONVERSION = YES_AGGRESSIVE;
				CLANG_CXX_LANGUAGE_STANDARD = "gnu++17";
				CLANG_ENABLE_MODULES = YES;
				CLANG_ENABLE_OBJC_ARC = YES;
				CLANG_ENABLE_OBJC_WEAK = YES;
				CLANG_WARN_BLOCK_CAPTURE_AUTORELEASING = YES;
				CLANG_WARN_BOOL_CONVERSION = YES;
				CLANG_WARN_COMMA = YES;
				CLANG_WARN_CONSTANT_CONVERSION = YES;
				CLANG_WARN_DEPRECATED_OBJC_IMPLEMENTATIONS = YES;
				CLANG_WARN_DIRECT_OBJC_ISA_USAGE = YES_ERROR;
				CLANG_WARN_DOCUMENTATION_COMMENTS = YES;
				CLANG_WARN_EMPTY_BODY = YES;
				CLANG_WARN_ENUM_CONVERSION = YES;
				CLANG_WARN_INFINITE_RECURSION = YES;
				CLANG_WARN_INT_CONVERSION = YES;
				CLANG_WARN_NON_LITERAL_NULL_CONVERSION = YES;
				CLANG_WARN_OBJC_IMPLICIT_RETAIN_SELF = YES;
				CLANG_WARN_OBJC_LITERAL_CONVERSION = YES;
				CLANG_WARN_OBJC_ROOT_CLASS = YES_ERROR;
				CLANG_WARN_QUOTED_INCLUDE_IN_FRAMEWORK_HEADER = YES;
				CLANG_WARN_RANGE_LOOP_ANALYSIS = YES;
				CLANG_WARN_STRICT_PROTOTYPES = YES;
				CLANG_WARN_SUSPICIOUS_MOVE = YES;
				CLANG_WARN_UNGUARDED_AVAILABILITY = YES_AGGRESSIVE;
				CLANG_WARN_UNREACHABLE_CODE = YES;
				CLANG_WARN__DUPLICATE_METHOD_MATCH = YES;
				COPY_PHASE_STRIP = NO;
				DEBUG_INFORMATION_FORMAT = "dwarf-with-dsym";
				ENABLE_NS_ASSERTIONS = NO;
				ENABLE_STRICT_OBJC_MSGSEND = YES;
				GCC_C_LANGUAGE_STANDARD = gnu11;
				GCC_NO_COMMON_BLOCKS = YES;
				GCC_WARN_64_TO_32_BIT_CONVERSION = YES;
				GCC_WARN_ABOUT_RETURN_TYPE = YES_ERROR;
				GCC_WARN_UNDECLARED_SELECTOR = YES;
				GCC_WARN_UNINITIALIZED_AUTOS = YES_AGGRESSIVE;
				GCC_WARN_UNUSED_FUNCTION = YES;
				GCC_WARN_UNUSED_VARIABLE = YES;
				IPHONEOS_DEPLOYMENT_TARGET = 15.5;
				MTL_ENABLE_DEBUG_INFO = NO;
				MTL_FAST_MATH = YES;
				SDKROOT = iphoneos;
				SWIFT_COMPILATION_MODE = wholemodule;
				SWIFT_OPTIMIZATION_LEVEL = "-O";
				VALIDATE_PRODUCT = YES;
			};
			name = Release;
		};
		48A3229D286C1BF6006E5C2D /* Debug */ = {
			isa = XCBuildConfiguration;
			buildSettings = {
				ASSETCATALOG_COMPILER_APPICON_NAME = AppIcon;
				ASSETCATALOG_COMPILER_GLOBAL_ACCENT_COLOR_NAME = AccentColor;
				CODE_SIGN_STYLE = Automatic;
				CURRENT_PROJECT_VERSION = 1;
				DEVELOPMENT_TEAM = 5BXF28PVPP;
				GENERATE_INFOPLIST_FILE = YES;
				INFOPLIST_FILE = SpaceX/Info.plist;
				INFOPLIST_KEY_UIApplicationSupportsIndirectInputEvents = YES;
				INFOPLIST_KEY_UILaunchStoryboardName = LaunchScreen;
				INFOPLIST_KEY_UIMainStoryboardFile = Main;
				INFOPLIST_KEY_UISupportedInterfaceOrientations = UIInterfaceOrientationPortrait;
				INFOPLIST_KEY_UISupportedInterfaceOrientations_iPad = "UIInterfaceOrientationPortrait UIInterfaceOrientationPortraitUpsideDown UIInterfaceOrientationLandscapeLeft UIInterfaceOrientationLandscapeRight";
				INFOPLIST_KEY_UISupportedInterfaceOrientations_iPhone = "UIInterfaceOrientationPortrait UIInterfaceOrientationLandscapeLeft UIInterfaceOrientationLandscapeRight";
				LD_RUNPATH_SEARCH_PATHS = (
					"$(inherited)",
					"@executable_path/Frameworks",
				);
				MARKETING_VERSION = 1.0;
				PRODUCT_BUNDLE_IDENTIFIER = BearTeam.SpaceX;
				PRODUCT_NAME = "$(TARGET_NAME)";
				SWIFT_EMIT_LOC_STRINGS = YES;
				SWIFT_VERSION = 5.0;
				TARGETED_DEVICE_FAMILY = "1,2";
			};
			name = Debug;
		};
		48A3229E286C1BF6006E5C2D /* Release */ = {
			isa = XCBuildConfiguration;
			buildSettings = {
				ASSETCATALOG_COMPILER_APPICON_NAME = AppIcon;
				ASSETCATALOG_COMPILER_GLOBAL_ACCENT_COLOR_NAME = AccentColor;
				CODE_SIGN_STYLE = Automatic;
				CURRENT_PROJECT_VERSION = 1;
				DEVELOPMENT_TEAM = 5BXF28PVPP;
				GENERATE_INFOPLIST_FILE = YES;
				INFOPLIST_FILE = SpaceX/Info.plist;
				INFOPLIST_KEY_UIApplicationSupportsIndirectInputEvents = YES;
				INFOPLIST_KEY_UILaunchStoryboardName = LaunchScreen;
				INFOPLIST_KEY_UIMainStoryboardFile = Main;
				INFOPLIST_KEY_UISupportedInterfaceOrientations = UIInterfaceOrientationPortrait;
				INFOPLIST_KEY_UISupportedInterfaceOrientations_iPad = "UIInterfaceOrientationPortrait UIInterfaceOrientationPortraitUpsideDown UIInterfaceOrientationLandscapeLeft UIInterfaceOrientationLandscapeRight";
				INFOPLIST_KEY_UISupportedInterfaceOrientations_iPhone = "UIInterfaceOrientationPortrait UIInterfaceOrientationLandscapeLeft UIInterfaceOrientationLandscapeRight";
				LD_RUNPATH_SEARCH_PATHS = (
					"$(inherited)",
					"@executable_path/Frameworks",
				);
				MARKETING_VERSION = 1.0;
				PRODUCT_BUNDLE_IDENTIFIER = BearTeam.SpaceX;
				PRODUCT_NAME = "$(TARGET_NAME)";
				SWIFT_EMIT_LOC_STRINGS = YES;
				SWIFT_VERSION = 5.0;
				TARGETED_DEVICE_FAMILY = "1,2";
			};
			name = Release;
		};
/* End XCBuildConfiguration section */

/* Begin XCConfigurationList section */
		48A32283286C1BF4006E5C2D /* Build configuration list for PBXProject "SpaceX" */ = {
			isa = XCConfigurationList;
			buildConfigurations = (
				48A3229A286C1BF6006E5C2D /* Debug */,
				48A3229B286C1BF6006E5C2D /* Release */,
			);
			defaultConfigurationIsVisible = 0;
			defaultConfigurationName = Release;
		};
		48A3229C286C1BF6006E5C2D /* Build configuration list for PBXNativeTarget "SpaceX" */ = {
			isa = XCConfigurationList;
			buildConfigurations = (
				48A3229D286C1BF6006E5C2D /* Debug */,
				48A3229E286C1BF6006E5C2D /* Release */,
			);
			defaultConfigurationIsVisible = 0;
			defaultConfigurationName = Release;
		};
/* End XCConfigurationList section */

/* Begin XCRemoteSwiftPackageReference section */
		48398781288060ED00E5B2C5 /* XCRemoteSwiftPackageReference "Kingfisher" */ = {
			isa = XCRemoteSwiftPackageReference;
			repositoryURL = "https://github.com/onevcat/Kingfisher";
			requirement = {
				kind = upToNextMajorVersion;
				minimumVersion = 7.0.0;
			};
		};
		48932A542880100600E4E40C /* XCRemoteSwiftPackageReference "Alamofire" */ = {
			isa = XCRemoteSwiftPackageReference;
			repositoryURL = "https://github.com/Alamofire/Alamofire";
			requirement = {
				kind = upToNextMajorVersion;
				minimumVersion = 5.0.0;
			};
		};
/* End XCRemoteSwiftPackageReference section */

/* Begin XCSwiftPackageProductDependency section */
		48398782288060ED00E5B2C5 /* Kingfisher */ = {
			isa = XCSwiftPackageProductDependency;
			package = 48398781288060ED00E5B2C5 /* XCRemoteSwiftPackageReference "Kingfisher" */;
			productName = Kingfisher;
		};
		48932A552880100700E4E40C /* Alamofire */ = {
			isa = XCSwiftPackageProductDependency;
			package = 48932A542880100600E4E40C /* XCRemoteSwiftPackageReference "Alamofire" */;
			productName = Alamofire;
		};
/* End XCSwiftPackageProductDependency section */
	};
	rootObject = 48A32280286C1BF4006E5C2D /* Project object */;
}
